// !$*UTF8*$!
{
	archiveVersion = 1;
	classes = {
	};
	objectVersion = 52;
	objects = {

/* Begin PBXBuildFile section */
		0106B33A2622F5B500574097 /* ImageModel.swift in Sources */ = {isa = PBXBuildFile; fileRef = 0106B3392622F5B500574097 /* ImageModel.swift */; };
		0106B33F2622F76A00574097 /* ImageStorage.swift in Sources */ = {isa = PBXBuildFile; fileRef = 0106B33E2622F76A00574097 /* ImageStorage.swift */; };
		0106B3442622F87400574097 /* Trippyimage.swift in Sources */ = {isa = PBXBuildFile; fileRef = 0106B3432622F87400574097 /* Trippyimage.swift */; };
		0106B37E2622FFCC00574097 /* FBStorage.swift in Sources */ = {isa = PBXBuildFile; fileRef = 0106B37D2622FFCC00574097 /* FBStorage.swift */; };
		0106B38C262300E200574097 /* StorageProtocol.swift in Sources */ = {isa = PBXBuildFile; fileRef = 0106B38B262300E200574097 /* StorageProtocol.swift */; };
		01088F5C2606442F00579707 /* BucketListError.swift in Sources */ = {isa = PBXBuildFile; fileRef = 01088F5B2606442F00579707 /* BucketListError.swift */; };
		011172C42605B22A0028F971 /* AddBucketItemViewModel.swift in Sources */ = {isa = PBXBuildFile; fileRef = 011172C32605B22A0028F971 /* AddBucketItemViewModel.swift */; };
		011172C92605BBCE0028F971 /* AddBucketItemView.swift in Sources */ = {isa = PBXBuildFile; fileRef = 011172C82605BBCE0028F971 /* AddBucketItemView.swift */; };
		0118657B25F9D8BA00BAA267 /* GoogleService-Info.plist in Resources */ = {isa = PBXBuildFile; fileRef = 0118657A25F9D8BA00BAA267 /* GoogleService-Info.plist */; };
		012CE5C926121E0E00039A25 /* LocationRecommender.swift in Sources */ = {isa = PBXBuildFile; fileRef = 012CE5C826121E0E00039A25 /* LocationRecommender.swift */; };
		012CE5D126121E7E00039A25 /* FBLocationRecommender.swift in Sources */ = {isa = PBXBuildFile; fileRef = 012CE5D026121E7E00039A25 /* FBLocationRecommender.swift */; };
		01483A452610728D00D840EA /* Friend.swift in Sources */ = {isa = PBXBuildFile; fileRef = 01483A442610728D00D840EA /* Friend.swift */; };
		01483A4A26107AA400D840EA /* FBFriend.swift in Sources */ = {isa = PBXBuildFile; fileRef = 01483A4926107AA400D840EA /* FBFriend.swift */; };
		01483A5226108D1500D840EA /* Image+Extensions.swift in Sources */ = {isa = PBXBuildFile; fileRef = 01483A5126108D1500D840EA /* Image+Extensions.swift */; };
		01622D50261FE842004E506F /* FBImageStorage.swift in Sources */ = {isa = PBXBuildFile; fileRef = 01622D4F261FE842004E506F /* FBImageStorage.swift */; };
		017FD89C25F7B6E80064EF40 /* Assets.xcassets in Resources */ = {isa = PBXBuildFile; fileRef = 017FD89B25F7B6E80064EF40 /* Assets.xcassets */; };
		017FD89F25F7B6E80064EF40 /* Preview Assets.xcassets in Resources */ = {isa = PBXBuildFile; fileRef = 017FD89E25F7B6E80064EF40 /* Preview Assets.xcassets */; };
		017FD8B525F7B6E80064EF40 /* TrippyUITests.swift in Sources */ = {isa = PBXBuildFile; fileRef = 017FD8B425F7B6E80064EF40 /* TrippyUITests.swift */; };
		017FD8C725F7B9020064EF40 /* FirebaseFirestore in Frameworks */ = {isa = PBXBuildFile; productRef = 017FD8C625F7B9020064EF40 /* FirebaseFirestore */; };
		017FD8C925F7B9020064EF40 /* FirebaseFirestoreSwift-Beta in Frameworks */ = {isa = PBXBuildFile; productRef = 017FD8C825F7B9020064EF40 /* FirebaseFirestoreSwift-Beta */; };
		017FD8CB25F7B9020064EF40 /* FirebaseAnalytics in Frameworks */ = {isa = PBXBuildFile; productRef = 017FD8CA25F7B9020064EF40 /* FirebaseAnalytics */; };
		017FD8CD25F7B9020064EF40 /* FirebaseStorageSwift-Beta in Frameworks */ = {isa = PBXBuildFile; productRef = 017FD8CC25F7B9020064EF40 /* FirebaseStorageSwift-Beta */; };
		017FD8CF25F7B9020064EF40 /* FirebaseStorage in Frameworks */ = {isa = PBXBuildFile; productRef = 017FD8CE25F7B9020064EF40 /* FirebaseStorage */; };
		017FD8D125F7B9020064EF40 /* FirebaseFunctions in Frameworks */ = {isa = PBXBuildFile; productRef = 017FD8D025F7B9020064EF40 /* FirebaseFunctions */; };
		017FD8D325F7B9020064EF40 /* FirebaseCrashlytics in Frameworks */ = {isa = PBXBuildFile; productRef = 017FD8D225F7B9020064EF40 /* FirebaseCrashlytics */; };
		017FD8D525F7B9020064EF40 /* FirebaseMessaging in Frameworks */ = {isa = PBXBuildFile; productRef = 017FD8D425F7B9020064EF40 /* FirebaseMessaging */; };
		017FD8D725F7B9020064EF40 /* FirebaseAuth in Frameworks */ = {isa = PBXBuildFile; productRef = 017FD8D625F7B9020064EF40 /* FirebaseAuth */; };
		01EFA3882612F93A002FEA23 /* LocationCategory.swift in Sources */ = {isa = PBXBuildFile; fileRef = 01EFA3872612F93A002FEA23 /* LocationCategory.swift */; };
		01F4634625FD1E4200BBB8E9 /* BucketItemView.swift in Sources */ = {isa = PBXBuildFile; fileRef = 01F4634525FD1E4200BBB8E9 /* BucketItemView.swift */; };
		01F4634E25FD1E5200BBB8E9 /* BucketListView.swift in Sources */ = {isa = PBXBuildFile; fileRef = 01F4634D25FD1E5200BBB8E9 /* BucketListView.swift */; };
		01F4635325FD1E6200BBB8E9 /* CollectionView.swift in Sources */ = {isa = PBXBuildFile; fileRef = 01F4635225FD1E6200BBB8E9 /* CollectionView.swift */; };
		01F4635825FD1E7300BBB8E9 /* RectangularCard.swift in Sources */ = {isa = PBXBuildFile; fileRef = 01F4635725FD1E7300BBB8E9 /* RectangularCard.swift */; };
		01F4636125FD1EA200BBB8E9 /* BucketItem.swift in Sources */ = {isa = PBXBuildFile; fileRef = 01F4636025FD1EA200BBB8E9 /* BucketItem.swift */; };
		01F4637125FD1EDF00BBB8E9 /* BucketItemViewModel.swift in Sources */ = {isa = PBXBuildFile; fileRef = 01F4637025FD1EDF00BBB8E9 /* BucketItemViewModel.swift */; };
		01F4637625FD1EF700BBB8E9 /* BucketListViewModel.swift in Sources */ = {isa = PBXBuildFile; fileRef = 01F4637525FD1EF600BBB8E9 /* BucketListViewModel.swift */; };
		01F4637C25FD1F4900BBB8E9 /* Color+Extensions.swift in Sources */ = {isa = PBXBuildFile; fileRef = 01F4637B25FD1F4900BBB8E9 /* Color+Extensions.swift */; };
		01F4638A25FD1FBE00BBB8E9 /* DateManager.swift in Sources */ = {isa = PBXBuildFile; fileRef = 01F4638925FD1FBE00BBB8E9 /* DateManager.swift */; };
		01F4639225FD1FCB00BBB8E9 /* String+Extensions.swift in Sources */ = {isa = PBXBuildFile; fileRef = 01F4639125FD1FCB00BBB8E9 /* String+Extensions.swift */; };
		01F4639E25FD203900BBB8E9 /* DateManagerTests.swift in Sources */ = {isa = PBXBuildFile; fileRef = 01F4639D25FD203900BBB8E9 /* DateManagerTests.swift */; };
		01F712AA26189793000E0A6B /* MockUserRelatedStorage.swift in Sources */ = {isa = PBXBuildFile; fileRef = 01F712A926189793000E0A6B /* MockUserRelatedStorage.swift */; };
		01F8435B25FDC6ED00080ED5 /* URLImage in Frameworks */ = {isa = PBXBuildFile; productRef = 01F8435A25FDC6ED00080ED5 /* URLImage */; };
		01F8436825FDDF4F00080ED5 /* BucketModel.swift in Sources */ = {isa = PBXBuildFile; fileRef = 01F8436725FDDF4F00080ED5 /* BucketModel.swift */; };
		01F8437525FDE05100080ED5 /* FBBucketItem.swift in Sources */ = {isa = PBXBuildFile; fileRef = 01F8437425FDE05100080ED5 /* FBBucketItem.swift */; };
		01F8437E25FDED3800080ED5 /* BucketModelTests.swift in Sources */ = {isa = PBXBuildFile; fileRef = 01F8437D25FDED3800080ED5 /* BucketModelTests.swift */; };
		71498ADD2619581300AB8AEB /* MockLocationRecommender.swift in Sources */ = {isa = PBXBuildFile; fileRef = 71498ADC2619581300AB8AEB /* MockLocationRecommender.swift */; };
		714A6D84261429BF0032CA7C /* LocationCoordinator.swift in Sources */ = {isa = PBXBuildFile; fileRef = 714A6D83261429BF0032CA7C /* LocationCoordinator.swift */; };
		714A79112615689600E7C865 /* VisitTracker.swift in Sources */ = {isa = PBXBuildFile; fileRef = 714A79102615689600E7C865 /* VisitTracker.swift */; };
		714A9A0C25FF46EE0030C2F9 /* LocationDetailView.swift in Sources */ = {isa = PBXBuildFile; fileRef = 714A9A0B25FF46EE0030C2F9 /* LocationDetailView.swift */; };
		714A9A1125FF4D540030C2F9 /* LocationDetailViewModel.swift in Sources */ = {isa = PBXBuildFile; fileRef = 714A9A1025FF4D540030C2F9 /* LocationDetailViewModel.swift */; };
		714A9A1925FFDA050030C2F9 /* DisplayLocationsMapView.swift in Sources */ = {isa = PBXBuildFile; fileRef = 714A9A1825FFDA050030C2F9 /* DisplayLocationsMapView.swift */; };
		714A9A1E25FFDB4F0030C2F9 /* LocationMapViewModel.swift in Sources */ = {isa = PBXBuildFile; fileRef = 714A9A1D25FFDB4F0030C2F9 /* LocationMapViewModel.swift */; };
		714ADFC5262597ED00619349 /* NotificationManager.swift in Sources */ = {isa = PBXBuildFile; fileRef = 714ADFC4262597ED00619349 /* NotificationManager.swift */; };
		714AF262260B85C20034269C /* FBLocation.swift in Sources */ = {isa = PBXBuildFile; fileRef = 714AF261260B85C20034269C /* FBLocation.swift */; };
		714AF4F725FD16B300C0EFFA /* PreviewLocations.swift in Sources */ = {isa = PBXBuildFile; fileRef = 714AF4F625FD16B300C0EFFA /* PreviewLocations.swift */; };
		714B10C826060D6C0040FAA1 /* ImagePicker.swift in Sources */ = {isa = PBXBuildFile; fileRef = 714B10C726060D6C0040FAA1 /* ImagePicker.swift */; };
		714B10D026066D190040FAA1 /* UIImage+Extensions.swift in Sources */ = {isa = PBXBuildFile; fileRef = 714B10CF26066D180040FAA1 /* UIImage+Extensions.swift */; };
		714B74832600FC6500ADF2FE /* DisplayLocationsMapCoordinator.swift in Sources */ = {isa = PBXBuildFile; fileRef = 714B74822600FC6500ADF2FE /* DisplayLocationsMapCoordinator.swift */; };
		714B74912600FD8700ADF2FE /* AddLocationMapView.swift in Sources */ = {isa = PBXBuildFile; fileRef = 714B74902600FD8700ADF2FE /* AddLocationMapView.swift */; };
		714B7496260100F400ADF2FE /* AddLocationMapCoordinator.swift in Sources */ = {isa = PBXBuildFile; fileRef = 714B7495260100F400ADF2FE /* AddLocationMapCoordinator.swift */; };
		714BA80926019D9000E69470 /* AddLocationView.swift in Sources */ = {isa = PBXBuildFile; fileRef = 714BA80826019D9000E69470 /* AddLocationView.swift */; };
		714BA80E2601A61500E69470 /* AddLocationViewModel.swift in Sources */ = {isa = PBXBuildFile; fileRef = 714BA80D2601A61500E69470 /* AddLocationViewModel.swift */; };
		714BFD512604785F001E369F /* MockImageSupportedStorage.swift in Sources */ = {isa = PBXBuildFile; fileRef = 714BFD502604785F001E369F /* MockImageSupportedStorage.swift */; };
		714BFD5926047C41001E369F /* LocationModelTests.swift in Sources */ = {isa = PBXBuildFile; fileRef = 714BFD5826047C41001E369F /* LocationModelTests.swift */; };
		714BFF712622EF4000ABA11B /* Rating.swift in Sources */ = {isa = PBXBuildFile; fileRef = 714BFF702622EF4000ABA11B /* Rating.swift */; };
		714BFF762622F1AC00ABA11B /* RatingModel.swift in Sources */ = {isa = PBXBuildFile; fileRef = 714BFF752622F1AC00ABA11B /* RatingModel.swift */; };
		714BFF7B262302D200ABA11B /* FBRating.swift in Sources */ = {isa = PBXBuildFile; fileRef = 714BFF7A262302D200ABA11B /* FBRating.swift */; };
		714C54E9260C6C9D00C75D92 /* Model.swift in Sources */ = {isa = PBXBuildFile; fileRef = 714C54E8260C6C9D00C75D92 /* Model.swift */; };
		714C54F1260C7F8000C75D92 /* FBStorable.swift in Sources */ = {isa = PBXBuildFile; fileRef = 714C54F0260C7F8000C75D92 /* FBStorable.swift */; };
		714DFD4B26006CF800711204 /* LocationPin.swift in Sources */ = {isa = PBXBuildFile; fileRef = 714DFD4A26006CF800711204 /* LocationPin.swift */; };
		7152017425FCB5D300F0ABAC /* LocationListView.swift in Sources */ = {isa = PBXBuildFile; fileRef = 7152017325FCB5D300F0ABAC /* LocationListView.swift */; };
		7152017925FCB91D00F0ABAC /* LocationModel.swift in Sources */ = {isa = PBXBuildFile; fileRef = 7152017825FCB91D00F0ABAC /* LocationModel.swift */; };
		7152017E25FCC5D700F0ABAC /* LocationListViewModel.swift in Sources */ = {isa = PBXBuildFile; fileRef = 7152017D25FCC5D700F0ABAC /* LocationListViewModel.swift */; };
		7152018325FCD00D00F0ABAC /* LocationCardViewModel.swift in Sources */ = {isa = PBXBuildFile; fileRef = 7152018225FCD00D00F0ABAC /* LocationCardViewModel.swift */; };
		7152018825FCD4EB00F0ABAC /* LocationCardView.swift in Sources */ = {isa = PBXBuildFile; fileRef = 7152018725FCD4EB00F0ABAC /* LocationCardView.swift */; };
		71565A8425F9F4F40070256A /* StorageError.swift in Sources */ = {isa = PBXBuildFile; fileRef = 71565A8325F9F4F40070256A /* StorageError.swift */; };
		71FB972D25F87C420083C6F5 /* Location.swift in Sources */ = {isa = PBXBuildFile; fileRef = 71FB972C25F87C420083C6F5 /* Location.swift */; };
		71FB973225F893750083C6F5 /* LocationMapView.swift in Sources */ = {isa = PBXBuildFile; fileRef = 71FB973125F893750083C6F5 /* LocationMapView.swift */; };
		71FFCDFD2604BA4F00309D80 /* TrippyApp.swift in Sources */ = {isa = PBXBuildFile; fileRef = 017FD89725F7B6E80064EF40 /* TrippyApp.swift */; };
		71FFCE012604BA6300309D80 /* ContentView.swift in Sources */ = {isa = PBXBuildFile; fileRef = 017FD89925F7B6E80064EF40 /* ContentView.swift */; };
		71FFCE052604BA7E00309D80 /* Date+Extensions.swift in Sources */ = {isa = PBXBuildFile; fileRef = 01F4638325FD1F5900BBB8E9 /* Date+Extensions.swift */; };
		768A9CAF26074A4C004EF22C /* UserTests.swift in Sources */ = {isa = PBXBuildFile; fileRef = 768A9CAE26074A4C004EF22C /* UserTests.swift */; };
		7694E9D325FDEDC700AF9E63 /* LogInView.swift in Sources */ = {isa = PBXBuildFile; fileRef = 7694E9D225FDEDC700AF9E63 /* LogInView.swift */; };
		7694E9D825FDEEA900AF9E63 /* LogInViewModel.swift in Sources */ = {isa = PBXBuildFile; fileRef = 7694E9D725FDEEA900AF9E63 /* LogInViewModel.swift */; };
		7694E9DD25FDF5EB00AF9E63 /* SignUpView.swift in Sources */ = {isa = PBXBuildFile; fileRef = 7694E9DC25FDF5EB00AF9E63 /* SignUpView.swift */; };
		7694E9E225FDF75A00AF9E63 /* SignUpViewModel.swift in Sources */ = {isa = PBXBuildFile; fileRef = 7694E9E125FDF75A00AF9E63 /* SignUpViewModel.swift */; };
		7694E9E725FE541700AF9E63 /* User.swift in Sources */ = {isa = PBXBuildFile; fileRef = 7694E9E625FE541700AF9E63 /* User.swift */; };
		7694E9EC25FE5C6700AF9E63 /* FBSessionStore.swift in Sources */ = {isa = PBXBuildFile; fileRef = 7694E9EB25FE5C6700AF9E63 /* FBSessionStore.swift */; };
		7694E9F125FEA73900AF9E63 /* StartUpView.swift in Sources */ = {isa = PBXBuildFile; fileRef = 7694E9F025FEA73900AF9E63 /* StartUpView.swift */; };
		7694EA3826015AB800AF9E63 /* AccountPageView.swift in Sources */ = {isa = PBXBuildFile; fileRef = 7694EA3726015AB700AF9E63 /* AccountPageView.swift */; };
		7694EA3D26015C1300AF9E63 /* CircleImageView.swift in Sources */ = {isa = PBXBuildFile; fileRef = 7694EA3C26015C1300AF9E63 /* CircleImageView.swift */; };
		7694EA422601608800AF9E63 /* AccountPageViewModel.swift in Sources */ = {isa = PBXBuildFile; fileRef = 7694EA412601608800AF9E63 /* AccountPageViewModel.swift */; };
		7694EA4A2602ED1300AF9E63 /* HomepageView.swift in Sources */ = {isa = PBXBuildFile; fileRef = 7694EA492602ED1300AF9E63 /* HomepageView.swift */; };
		7694EA4F2602EF9A00AF9E63 /* HomepageViewModel.swift in Sources */ = {isa = PBXBuildFile; fileRef = 7694EA4E2602EF9A00AF9E63 /* HomepageViewModel.swift */; };
		76E74BC42613607C004BA414 /* LevelSystem.swift in Sources */ = {isa = PBXBuildFile; fileRef = 76E74BC32613607C004BA414 /* LevelSystem.swift */; };
		76E74BC92613617C004BA414 /* FBLevelSystem.swift in Sources */ = {isa = PBXBuildFile; fileRef = 76E74BC82613617C004BA414 /* FBLevelSystem.swift */; };
		76E74BCE26136350004BA414 /* FBLevelSystemService.swift in Sources */ = {isa = PBXBuildFile; fileRef = 76E74BCD26136350004BA414 /* FBLevelSystemService.swift */; };
		76E74BD62613692F004BA414 /* LevelSystemService.swift in Sources */ = {isa = PBXBuildFile; fileRef = 76E74BD52613692F004BA414 /* LevelSystemService.swift */; };
		76E74BDB26137B94004BA414 /* ExperienceAction.swift in Sources */ = {isa = PBXBuildFile; fileRef = 76E74BDA26137B94004BA414 /* ExperienceAction.swift */; };
		76E74BE026137BFF004BA414 /* LevelSystemUtil.swift in Sources */ = {isa = PBXBuildFile; fileRef = 76E74BDF26137BFF004BA414 /* LevelSystemUtil.swift */; };
		76E74BE526137DA5004BA414 /* LevelSystemConstants.swift in Sources */ = {isa = PBXBuildFile; fileRef = 76E74BE426137DA5004BA414 /* LevelSystemConstants.swift */; };
		76E74BEA2613CD57004BA414 /* LevelProgressionView.swift in Sources */ = {isa = PBXBuildFile; fileRef = 76E74BE92613CD57004BA414 /* LevelProgressionView.swift */; };
		76E74BEF2614566F004BA414 /* LevelProgressionViewModel.swift in Sources */ = {isa = PBXBuildFile; fileRef = 76E74BEE2614566F004BA414 /* LevelProgressionViewModel.swift */; };
		76F8BE0F2610D8F000393AF7 /* FBUser.swift in Sources */ = {isa = PBXBuildFile; fileRef = 76F8BE0E2610D8F000393AF7 /* FBUser.swift */; };
		76F8BE1A2611105700393AF7 /* SessionStore.swift in Sources */ = {isa = PBXBuildFile; fileRef = 76F8BE192611105700393AF7 /* SessionStore.swift */; };
		76FC82C426175FC2009736B2 /* FBSessionWrapper.swift in Sources */ = {isa = PBXBuildFile; fileRef = 76FC82C326175FC2009736B2 /* FBSessionWrapper.swift */; };
		DB2D334E2612E1DF000C2351 /* WeatherService.swift in Sources */ = {isa = PBXBuildFile; fileRef = DB2D334D2612E1DF000C2351 /* WeatherService.swift */; };
		DB2D33532612EE6C000C2351 /* NetworkError.swift in Sources */ = {isa = PBXBuildFile; fileRef = DB2D33522612EE6C000C2351 /* NetworkError.swift */; };
		DB2D33582612F003000C2351 /* WeatherSectionView.swift in Sources */ = {isa = PBXBuildFile; fileRef = DB2D33572612F003000C2351 /* WeatherSectionView.swift */; };
		DB2D335D2612F0F0000C2351 /* WeatherSectionViewModel.swift in Sources */ = {isa = PBXBuildFile; fileRef = DB2D335C2612F0F0000C2351 /* WeatherSectionViewModel.swift */; };
		DB2D33622612F3B4000C2351 /* CurrentWeather.swift in Sources */ = {isa = PBXBuildFile; fileRef = DB2D33612612F3B4000C2351 /* CurrentWeather.swift */; };
		DB927371260019A400B898AE /* FriendsListView.swift in Sources */ = {isa = PBXBuildFile; fileRef = DB927370260019A400B898AE /* FriendsListView.swift */; };
		DB92737626001AEA00B898AE /* FriendsListViewModel.swift in Sources */ = {isa = PBXBuildFile; fileRef = DB92737526001AEA00B898AE /* FriendsListViewModel.swift */; };
		DB92737B26001BCE00B898AE /* FriendsItemViewModel.swift in Sources */ = {isa = PBXBuildFile; fileRef = DB92737A26001BCE00B898AE /* FriendsItemViewModel.swift */; };
		DB927380260027F800B898AE /* FriendsListModel.swift in Sources */ = {isa = PBXBuildFile; fileRef = DB92737F260027F800B898AE /* FriendsListModel.swift */; };
		DB92738526002AE300B898AE /* FriendsItemView.swift in Sources */ = {isa = PBXBuildFile; fileRef = DB92738426002AE300B898AE /* FriendsItemView.swift */; };
		DB9273A22604487600B898AE /* AddFriendView.swift in Sources */ = {isa = PBXBuildFile; fileRef = DB9273A12604487600B898AE /* AddFriendView.swift */; };
		DB9273A726044F0B00B898AE /* AddFriendViewModel.swift in Sources */ = {isa = PBXBuildFile; fileRef = DB9273A626044F0B00B898AE /* AddFriendViewModel.swift */; };
/* End PBXBuildFile section */

/* Begin PBXContainerItemProxy section */
		017FD8A625F7B6E80064EF40 /* PBXContainerItemProxy */ = {
			isa = PBXContainerItemProxy;
			containerPortal = 017FD88C25F7B6E70064EF40 /* Project object */;
			proxyType = 1;
			remoteGlobalIDString = 017FD89325F7B6E80064EF40;
			remoteInfo = Trippy;
		};
		017FD8B125F7B6E80064EF40 /* PBXContainerItemProxy */ = {
			isa = PBXContainerItemProxy;
			containerPortal = 017FD88C25F7B6E70064EF40 /* Project object */;
			proxyType = 1;
			remoteGlobalIDString = 017FD89325F7B6E80064EF40;
			remoteInfo = Trippy;
		};
/* End PBXContainerItemProxy section */

/* Begin PBXFileReference section */
		0106B3392622F5B500574097 /* ImageModel.swift */ = {isa = PBXFileReference; lastKnownFileType = sourcecode.swift; path = ImageModel.swift; sourceTree = "<group>"; };
		0106B33E2622F76A00574097 /* ImageStorage.swift */ = {isa = PBXFileReference; lastKnownFileType = sourcecode.swift; path = ImageStorage.swift; sourceTree = "<group>"; };
		0106B3432622F87400574097 /* Trippyimage.swift */ = {isa = PBXFileReference; lastKnownFileType = sourcecode.swift; path = Trippyimage.swift; sourceTree = "<group>"; };
		0106B37D2622FFCC00574097 /* FBStorage.swift */ = {isa = PBXFileReference; lastKnownFileType = sourcecode.swift; path = FBStorage.swift; sourceTree = "<group>"; };
		0106B38B262300E200574097 /* StorageProtocol.swift */ = {isa = PBXFileReference; lastKnownFileType = sourcecode.swift; path = StorageProtocol.swift; sourceTree = "<group>"; };
		01088F5B2606442F00579707 /* BucketListError.swift */ = {isa = PBXFileReference; lastKnownFileType = sourcecode.swift; path = BucketListError.swift; sourceTree = "<group>"; };
		011172C32605B22A0028F971 /* AddBucketItemViewModel.swift */ = {isa = PBXFileReference; lastKnownFileType = sourcecode.swift; path = AddBucketItemViewModel.swift; sourceTree = "<group>"; };
		011172C82605BBCE0028F971 /* AddBucketItemView.swift */ = {isa = PBXFileReference; lastKnownFileType = sourcecode.swift; path = AddBucketItemView.swift; sourceTree = "<group>"; };
		0118657A25F9D8BA00BAA267 /* GoogleService-Info.plist */ = {isa = PBXFileReference; fileEncoding = 4; lastKnownFileType = text.plist.xml; path = "GoogleService-Info.plist"; sourceTree = "<group>"; };
		012CE5C826121E0E00039A25 /* LocationRecommender.swift */ = {isa = PBXFileReference; lastKnownFileType = sourcecode.swift; path = LocationRecommender.swift; sourceTree = "<group>"; };
		012CE5D026121E7E00039A25 /* FBLocationRecommender.swift */ = {isa = PBXFileReference; lastKnownFileType = sourcecode.swift; path = FBLocationRecommender.swift; sourceTree = "<group>"; };
		01483A442610728D00D840EA /* Friend.swift */ = {isa = PBXFileReference; lastKnownFileType = sourcecode.swift; path = Friend.swift; sourceTree = "<group>"; };
		01483A4926107AA400D840EA /* FBFriend.swift */ = {isa = PBXFileReference; lastKnownFileType = sourcecode.swift; path = FBFriend.swift; sourceTree = "<group>"; };
		01483A5126108D1500D840EA /* Image+Extensions.swift */ = {isa = PBXFileReference; lastKnownFileType = sourcecode.swift; path = "Image+Extensions.swift"; sourceTree = "<group>"; };
		01622D4F261FE842004E506F /* FBImageStorage.swift */ = {isa = PBXFileReference; lastKnownFileType = sourcecode.swift; path = FBImageStorage.swift; sourceTree = "<group>"; };
		017FD89425F7B6E80064EF40 /* Trippy.app */ = {isa = PBXFileReference; explicitFileType = wrapper.application; includeInIndex = 0; path = Trippy.app; sourceTree = BUILT_PRODUCTS_DIR; };
		017FD89725F7B6E80064EF40 /* TrippyApp.swift */ = {isa = PBXFileReference; lastKnownFileType = sourcecode.swift; path = TrippyApp.swift; sourceTree = "<group>"; };
		017FD89925F7B6E80064EF40 /* ContentView.swift */ = {isa = PBXFileReference; lastKnownFileType = sourcecode.swift; path = ContentView.swift; sourceTree = "<group>"; };
		017FD89B25F7B6E80064EF40 /* Assets.xcassets */ = {isa = PBXFileReference; lastKnownFileType = folder.assetcatalog; path = Assets.xcassets; sourceTree = "<group>"; };
		017FD89E25F7B6E80064EF40 /* Preview Assets.xcassets */ = {isa = PBXFileReference; lastKnownFileType = folder.assetcatalog; path = "Preview Assets.xcassets"; sourceTree = "<group>"; };
		017FD8A025F7B6E80064EF40 /* Info.plist */ = {isa = PBXFileReference; lastKnownFileType = text.plist.xml; path = Info.plist; sourceTree = "<group>"; };
		017FD8A525F7B6E80064EF40 /* TrippyTests.xctest */ = {isa = PBXFileReference; explicitFileType = wrapper.cfbundle; includeInIndex = 0; path = TrippyTests.xctest; sourceTree = BUILT_PRODUCTS_DIR; };
		017FD8AB25F7B6E80064EF40 /* Info.plist */ = {isa = PBXFileReference; lastKnownFileType = text.plist.xml; path = Info.plist; sourceTree = "<group>"; };
		017FD8B025F7B6E80064EF40 /* TrippyUITests.xctest */ = {isa = PBXFileReference; explicitFileType = wrapper.cfbundle; includeInIndex = 0; path = TrippyUITests.xctest; sourceTree = BUILT_PRODUCTS_DIR; };
		017FD8B425F7B6E80064EF40 /* TrippyUITests.swift */ = {isa = PBXFileReference; lastKnownFileType = sourcecode.swift; path = TrippyUITests.swift; sourceTree = "<group>"; };
		017FD8B625F7B6E80064EF40 /* Info.plist */ = {isa = PBXFileReference; lastKnownFileType = text.plist.xml; path = Info.plist; sourceTree = "<group>"; };
		01EFA3872612F93A002FEA23 /* LocationCategory.swift */ = {isa = PBXFileReference; lastKnownFileType = sourcecode.swift; path = LocationCategory.swift; sourceTree = "<group>"; };
		01F4634525FD1E4200BBB8E9 /* BucketItemView.swift */ = {isa = PBXFileReference; lastKnownFileType = sourcecode.swift; path = BucketItemView.swift; sourceTree = "<group>"; };
		01F4634D25FD1E5200BBB8E9 /* BucketListView.swift */ = {isa = PBXFileReference; lastKnownFileType = sourcecode.swift; path = BucketListView.swift; sourceTree = "<group>"; };
		01F4635225FD1E6200BBB8E9 /* CollectionView.swift */ = {isa = PBXFileReference; lastKnownFileType = sourcecode.swift; path = CollectionView.swift; sourceTree = "<group>"; };
		01F4635725FD1E7300BBB8E9 /* RectangularCard.swift */ = {isa = PBXFileReference; lastKnownFileType = sourcecode.swift; path = RectangularCard.swift; sourceTree = "<group>"; };
		01F4636025FD1EA200BBB8E9 /* BucketItem.swift */ = {isa = PBXFileReference; lastKnownFileType = sourcecode.swift; path = BucketItem.swift; sourceTree = "<group>"; };
		01F4637025FD1EDF00BBB8E9 /* BucketItemViewModel.swift */ = {isa = PBXFileReference; lastKnownFileType = sourcecode.swift; path = BucketItemViewModel.swift; sourceTree = "<group>"; };
		01F4637525FD1EF600BBB8E9 /* BucketListViewModel.swift */ = {isa = PBXFileReference; lastKnownFileType = sourcecode.swift; path = BucketListViewModel.swift; sourceTree = "<group>"; };
		01F4637B25FD1F4900BBB8E9 /* Color+Extensions.swift */ = {isa = PBXFileReference; lastKnownFileType = sourcecode.swift; path = "Color+Extensions.swift"; sourceTree = "<group>"; };
		01F4638325FD1F5900BBB8E9 /* Date+Extensions.swift */ = {isa = PBXFileReference; lastKnownFileType = sourcecode.swift; path = "Date+Extensions.swift"; sourceTree = "<group>"; };
		01F4638925FD1FBE00BBB8E9 /* DateManager.swift */ = {isa = PBXFileReference; lastKnownFileType = sourcecode.swift; path = DateManager.swift; sourceTree = "<group>"; };
		01F4639125FD1FCB00BBB8E9 /* String+Extensions.swift */ = {isa = PBXFileReference; lastKnownFileType = sourcecode.swift; path = "String+Extensions.swift"; sourceTree = "<group>"; };
		01F4639D25FD203900BBB8E9 /* DateManagerTests.swift */ = {isa = PBXFileReference; lastKnownFileType = sourcecode.swift; path = DateManagerTests.swift; sourceTree = "<group>"; };
		01F712A926189793000E0A6B /* MockUserRelatedStorage.swift */ = {isa = PBXFileReference; lastKnownFileType = sourcecode.swift; path = MockUserRelatedStorage.swift; sourceTree = "<group>"; };
		01F8436725FDDF4F00080ED5 /* BucketModel.swift */ = {isa = PBXFileReference; lastKnownFileType = sourcecode.swift; path = BucketModel.swift; sourceTree = "<group>"; };
		01F8437425FDE05100080ED5 /* FBBucketItem.swift */ = {isa = PBXFileReference; lastKnownFileType = sourcecode.swift; path = FBBucketItem.swift; sourceTree = "<group>"; };
		01F8437D25FDED3800080ED5 /* BucketModelTests.swift */ = {isa = PBXFileReference; lastKnownFileType = sourcecode.swift; path = BucketModelTests.swift; sourceTree = "<group>"; };
		71498ADC2619581300AB8AEB /* MockLocationRecommender.swift */ = {isa = PBXFileReference; lastKnownFileType = sourcecode.swift; name = MockLocationRecommender.swift; path = Trippy/Storage/Recommender/MockLocationRecommender.swift; sourceTree = SOURCE_ROOT; };
		714A6D83261429BF0032CA7C /* LocationCoordinator.swift */ = {isa = PBXFileReference; lastKnownFileType = sourcecode.swift; path = LocationCoordinator.swift; sourceTree = "<group>"; };
		714A79102615689600E7C865 /* VisitTracker.swift */ = {isa = PBXFileReference; lastKnownFileType = sourcecode.swift; path = VisitTracker.swift; sourceTree = "<group>"; };
		714A9A0B25FF46EE0030C2F9 /* LocationDetailView.swift */ = {isa = PBXFileReference; lastKnownFileType = sourcecode.swift; path = LocationDetailView.swift; sourceTree = "<group>"; };
		714A9A1025FF4D540030C2F9 /* LocationDetailViewModel.swift */ = {isa = PBXFileReference; lastKnownFileType = sourcecode.swift; path = LocationDetailViewModel.swift; sourceTree = "<group>"; };
		714A9A1825FFDA050030C2F9 /* DisplayLocationsMapView.swift */ = {isa = PBXFileReference; lastKnownFileType = sourcecode.swift; path = DisplayLocationsMapView.swift; sourceTree = "<group>"; };
		714A9A1D25FFDB4F0030C2F9 /* LocationMapViewModel.swift */ = {isa = PBXFileReference; lastKnownFileType = sourcecode.swift; path = LocationMapViewModel.swift; sourceTree = "<group>"; };
		714ADFC4262597ED00619349 /* NotificationManager.swift */ = {isa = PBXFileReference; lastKnownFileType = sourcecode.swift; path = NotificationManager.swift; sourceTree = "<group>"; };
		714AF261260B85C20034269C /* FBLocation.swift */ = {isa = PBXFileReference; lastKnownFileType = sourcecode.swift; path = FBLocation.swift; sourceTree = "<group>"; };
		714AF4F625FD16B300C0EFFA /* PreviewLocations.swift */ = {isa = PBXFileReference; lastKnownFileType = sourcecode.swift; path = PreviewLocations.swift; sourceTree = "<group>"; };
		714B10C726060D6C0040FAA1 /* ImagePicker.swift */ = {isa = PBXFileReference; lastKnownFileType = sourcecode.swift; path = ImagePicker.swift; sourceTree = "<group>"; };
		714B10CF26066D180040FAA1 /* UIImage+Extensions.swift */ = {isa = PBXFileReference; lastKnownFileType = sourcecode.swift; path = "UIImage+Extensions.swift"; sourceTree = "<group>"; };
		714B74822600FC6500ADF2FE /* DisplayLocationsMapCoordinator.swift */ = {isa = PBXFileReference; lastKnownFileType = sourcecode.swift; path = DisplayLocationsMapCoordinator.swift; sourceTree = "<group>"; };
		714B74902600FD8700ADF2FE /* AddLocationMapView.swift */ = {isa = PBXFileReference; lastKnownFileType = sourcecode.swift; path = AddLocationMapView.swift; sourceTree = "<group>"; };
		714B7495260100F400ADF2FE /* AddLocationMapCoordinator.swift */ = {isa = PBXFileReference; lastKnownFileType = sourcecode.swift; path = AddLocationMapCoordinator.swift; sourceTree = "<group>"; };
		714BA80826019D9000E69470 /* AddLocationView.swift */ = {isa = PBXFileReference; lastKnownFileType = sourcecode.swift; path = AddLocationView.swift; sourceTree = "<group>"; };
		714BA80D2601A61500E69470 /* AddLocationViewModel.swift */ = {isa = PBXFileReference; lastKnownFileType = sourcecode.swift; path = AddLocationViewModel.swift; sourceTree = "<group>"; };
		714BFD502604785F001E369F /* MockImageSupportedStorage.swift */ = {isa = PBXFileReference; lastKnownFileType = sourcecode.swift; path = MockImageSupportedStorage.swift; sourceTree = "<group>"; };
		714BFD5826047C41001E369F /* LocationModelTests.swift */ = {isa = PBXFileReference; lastKnownFileType = sourcecode.swift; path = LocationModelTests.swift; sourceTree = "<group>"; };
		714BFF702622EF4000ABA11B /* Rating.swift */ = {isa = PBXFileReference; lastKnownFileType = sourcecode.swift; path = Rating.swift; sourceTree = "<group>"; };
		714BFF752622F1AC00ABA11B /* RatingModel.swift */ = {isa = PBXFileReference; lastKnownFileType = sourcecode.swift; path = RatingModel.swift; sourceTree = "<group>"; };
		714BFF7A262302D200ABA11B /* FBRating.swift */ = {isa = PBXFileReference; lastKnownFileType = sourcecode.swift; path = FBRating.swift; sourceTree = "<group>"; };
		714C54E8260C6C9D00C75D92 /* Model.swift */ = {isa = PBXFileReference; lastKnownFileType = sourcecode.swift; path = Model.swift; sourceTree = "<group>"; };
		714C54F0260C7F8000C75D92 /* FBStorable.swift */ = {isa = PBXFileReference; lastKnownFileType = sourcecode.swift; path = FBStorable.swift; sourceTree = "<group>"; };
		714DFD4A26006CF800711204 /* LocationPin.swift */ = {isa = PBXFileReference; lastKnownFileType = sourcecode.swift; path = LocationPin.swift; sourceTree = "<group>"; };
		7152017325FCB5D300F0ABAC /* LocationListView.swift */ = {isa = PBXFileReference; lastKnownFileType = sourcecode.swift; path = LocationListView.swift; sourceTree = "<group>"; };
		7152017825FCB91D00F0ABAC /* LocationModel.swift */ = {isa = PBXFileReference; lastKnownFileType = sourcecode.swift; path = LocationModel.swift; sourceTree = "<group>"; };
		7152017D25FCC5D700F0ABAC /* LocationListViewModel.swift */ = {isa = PBXFileReference; lastKnownFileType = sourcecode.swift; path = LocationListViewModel.swift; sourceTree = "<group>"; };
		7152018225FCD00D00F0ABAC /* LocationCardViewModel.swift */ = {isa = PBXFileReference; lastKnownFileType = sourcecode.swift; path = LocationCardViewModel.swift; sourceTree = "<group>"; };
		7152018725FCD4EB00F0ABAC /* LocationCardView.swift */ = {isa = PBXFileReference; lastKnownFileType = sourcecode.swift; path = LocationCardView.swift; sourceTree = "<group>"; };
		71565A8325F9F4F40070256A /* StorageError.swift */ = {isa = PBXFileReference; lastKnownFileType = sourcecode.swift; path = StorageError.swift; sourceTree = "<group>"; };
		71FB972C25F87C420083C6F5 /* Location.swift */ = {isa = PBXFileReference; lastKnownFileType = sourcecode.swift; path = Location.swift; sourceTree = "<group>"; };
		71FB973125F893750083C6F5 /* LocationMapView.swift */ = {isa = PBXFileReference; lastKnownFileType = sourcecode.swift; path = LocationMapView.swift; sourceTree = "<group>"; };
		768A9CAE26074A4C004EF22C /* UserTests.swift */ = {isa = PBXFileReference; lastKnownFileType = sourcecode.swift; path = UserTests.swift; sourceTree = "<group>"; };
		7694E9D225FDEDC700AF9E63 /* LogInView.swift */ = {isa = PBXFileReference; lastKnownFileType = sourcecode.swift; path = LogInView.swift; sourceTree = "<group>"; };
		7694E9D725FDEEA900AF9E63 /* LogInViewModel.swift */ = {isa = PBXFileReference; lastKnownFileType = sourcecode.swift; path = LogInViewModel.swift; sourceTree = "<group>"; };
		7694E9DC25FDF5EB00AF9E63 /* SignUpView.swift */ = {isa = PBXFileReference; lastKnownFileType = sourcecode.swift; path = SignUpView.swift; sourceTree = "<group>"; };
		7694E9E125FDF75A00AF9E63 /* SignUpViewModel.swift */ = {isa = PBXFileReference; lastKnownFileType = sourcecode.swift; path = SignUpViewModel.swift; sourceTree = "<group>"; };
		7694E9E625FE541700AF9E63 /* User.swift */ = {isa = PBXFileReference; lastKnownFileType = sourcecode.swift; path = User.swift; sourceTree = "<group>"; };
		7694E9EB25FE5C6700AF9E63 /* FBSessionStore.swift */ = {isa = PBXFileReference; lastKnownFileType = sourcecode.swift; path = FBSessionStore.swift; sourceTree = "<group>"; };
		7694E9F025FEA73900AF9E63 /* StartUpView.swift */ = {isa = PBXFileReference; lastKnownFileType = sourcecode.swift; path = StartUpView.swift; sourceTree = "<group>"; };
		7694EA3726015AB700AF9E63 /* AccountPageView.swift */ = {isa = PBXFileReference; lastKnownFileType = sourcecode.swift; path = AccountPageView.swift; sourceTree = "<group>"; };
		7694EA3C26015C1300AF9E63 /* CircleImageView.swift */ = {isa = PBXFileReference; lastKnownFileType = sourcecode.swift; path = CircleImageView.swift; sourceTree = "<group>"; };
		7694EA412601608800AF9E63 /* AccountPageViewModel.swift */ = {isa = PBXFileReference; lastKnownFileType = sourcecode.swift; path = AccountPageViewModel.swift; sourceTree = "<group>"; };
		7694EA492602ED1300AF9E63 /* HomepageView.swift */ = {isa = PBXFileReference; lastKnownFileType = sourcecode.swift; path = HomepageView.swift; sourceTree = "<group>"; };
		7694EA4E2602EF9A00AF9E63 /* HomepageViewModel.swift */ = {isa = PBXFileReference; lastKnownFileType = sourcecode.swift; path = HomepageViewModel.swift; sourceTree = "<group>"; };
		76E74BC32613607C004BA414 /* LevelSystem.swift */ = {isa = PBXFileReference; lastKnownFileType = sourcecode.swift; path = LevelSystem.swift; sourceTree = "<group>"; };
		76E74BC82613617C004BA414 /* FBLevelSystem.swift */ = {isa = PBXFileReference; lastKnownFileType = sourcecode.swift; path = FBLevelSystem.swift; sourceTree = "<group>"; };
		76E74BCD26136350004BA414 /* FBLevelSystemService.swift */ = {isa = PBXFileReference; lastKnownFileType = sourcecode.swift; path = FBLevelSystemService.swift; sourceTree = "<group>"; };
		76E74BD52613692F004BA414 /* LevelSystemService.swift */ = {isa = PBXFileReference; lastKnownFileType = sourcecode.swift; path = LevelSystemService.swift; sourceTree = "<group>"; };
		76E74BDA26137B94004BA414 /* ExperienceAction.swift */ = {isa = PBXFileReference; lastKnownFileType = sourcecode.swift; path = ExperienceAction.swift; sourceTree = "<group>"; };
		76E74BDF26137BFF004BA414 /* LevelSystemUtil.swift */ = {isa = PBXFileReference; lastKnownFileType = sourcecode.swift; path = LevelSystemUtil.swift; sourceTree = "<group>"; };
		76E74BE426137DA5004BA414 /* LevelSystemConstants.swift */ = {isa = PBXFileReference; lastKnownFileType = sourcecode.swift; path = LevelSystemConstants.swift; sourceTree = "<group>"; };
		76E74BE92613CD57004BA414 /* LevelProgressionView.swift */ = {isa = PBXFileReference; lastKnownFileType = sourcecode.swift; path = LevelProgressionView.swift; sourceTree = "<group>"; };
		76E74BEE2614566F004BA414 /* LevelProgressionViewModel.swift */ = {isa = PBXFileReference; lastKnownFileType = sourcecode.swift; path = LevelProgressionViewModel.swift; sourceTree = "<group>"; };
		76F8BE0E2610D8F000393AF7 /* FBUser.swift */ = {isa = PBXFileReference; lastKnownFileType = sourcecode.swift; path = FBUser.swift; sourceTree = "<group>"; };
		76F8BE192611105700393AF7 /* SessionStore.swift */ = {isa = PBXFileReference; lastKnownFileType = sourcecode.swift; path = SessionStore.swift; sourceTree = "<group>"; };
		76FC82C326175FC2009736B2 /* FBSessionWrapper.swift */ = {isa = PBXFileReference; lastKnownFileType = sourcecode.swift; path = FBSessionWrapper.swift; sourceTree = "<group>"; };
		DB2D334D2612E1DF000C2351 /* WeatherService.swift */ = {isa = PBXFileReference; lastKnownFileType = sourcecode.swift; path = WeatherService.swift; sourceTree = "<group>"; };
		DB2D33522612EE6C000C2351 /* NetworkError.swift */ = {isa = PBXFileReference; lastKnownFileType = sourcecode.swift; path = NetworkError.swift; sourceTree = "<group>"; };
		DB2D33572612F003000C2351 /* WeatherSectionView.swift */ = {isa = PBXFileReference; lastKnownFileType = sourcecode.swift; path = WeatherSectionView.swift; sourceTree = "<group>"; };
		DB2D335C2612F0F0000C2351 /* WeatherSectionViewModel.swift */ = {isa = PBXFileReference; lastKnownFileType = sourcecode.swift; path = WeatherSectionViewModel.swift; sourceTree = "<group>"; };
		DB2D33612612F3B4000C2351 /* CurrentWeather.swift */ = {isa = PBXFileReference; lastKnownFileType = sourcecode.swift; path = CurrentWeather.swift; sourceTree = "<group>"; };
		DB927370260019A400B898AE /* FriendsListView.swift */ = {isa = PBXFileReference; lastKnownFileType = sourcecode.swift; path = FriendsListView.swift; sourceTree = "<group>"; };
		DB92737526001AEA00B898AE /* FriendsListViewModel.swift */ = {isa = PBXFileReference; lastKnownFileType = sourcecode.swift; path = FriendsListViewModel.swift; sourceTree = "<group>"; };
		DB92737A26001BCE00B898AE /* FriendsItemViewModel.swift */ = {isa = PBXFileReference; lastKnownFileType = sourcecode.swift; path = FriendsItemViewModel.swift; sourceTree = "<group>"; };
		DB92737F260027F800B898AE /* FriendsListModel.swift */ = {isa = PBXFileReference; lastKnownFileType = sourcecode.swift; path = FriendsListModel.swift; sourceTree = "<group>"; };
		DB92738426002AE300B898AE /* FriendsItemView.swift */ = {isa = PBXFileReference; lastKnownFileType = sourcecode.swift; path = FriendsItemView.swift; sourceTree = "<group>"; };
		DB9273A12604487600B898AE /* AddFriendView.swift */ = {isa = PBXFileReference; lastKnownFileType = sourcecode.swift; path = AddFriendView.swift; sourceTree = "<group>"; };
		DB9273A626044F0B00B898AE /* AddFriendViewModel.swift */ = {isa = PBXFileReference; lastKnownFileType = sourcecode.swift; path = AddFriendViewModel.swift; sourceTree = "<group>"; };
/* End PBXFileReference section */

/* Begin PBXFrameworksBuildPhase section */
		017FD89125F7B6E80064EF40 /* Frameworks */ = {
			isa = PBXFrameworksBuildPhase;
			buildActionMask = 2147483647;
			files = (
				017FD8D525F7B9020064EF40 /* FirebaseMessaging in Frameworks */,
				017FD8C725F7B9020064EF40 /* FirebaseFirestore in Frameworks */,
				017FD8CD25F7B9020064EF40 /* FirebaseStorageSwift-Beta in Frameworks */,
				017FD8C925F7B9020064EF40 /* FirebaseFirestoreSwift-Beta in Frameworks */,
				017FD8D725F7B9020064EF40 /* FirebaseAuth in Frameworks */,
				017FD8D325F7B9020064EF40 /* FirebaseCrashlytics in Frameworks */,
				017FD8D125F7B9020064EF40 /* FirebaseFunctions in Frameworks */,
				017FD8CF25F7B9020064EF40 /* FirebaseStorage in Frameworks */,
				01F8435B25FDC6ED00080ED5 /* URLImage in Frameworks */,
				017FD8CB25F7B9020064EF40 /* FirebaseAnalytics in Frameworks */,
			);
			runOnlyForDeploymentPostprocessing = 0;
		};
		017FD8A225F7B6E80064EF40 /* Frameworks */ = {
			isa = PBXFrameworksBuildPhase;
			buildActionMask = 2147483647;
			files = (
			);
			runOnlyForDeploymentPostprocessing = 0;
		};
		017FD8AD25F7B6E80064EF40 /* Frameworks */ = {
			isa = PBXFrameworksBuildPhase;
			buildActionMask = 2147483647;
			files = (
			);
			runOnlyForDeploymentPostprocessing = 0;
		};
/* End PBXFrameworksBuildPhase section */

/* Begin PBXGroup section */
		012CE5C726121DF800039A25 /* Recommender */ = {
			isa = PBXGroup;
			children = (
				012CE5C826121E0E00039A25 /* LocationRecommender.swift */,
				012CE5D026121E7E00039A25 /* FBLocationRecommender.swift */,
			);
			path = Recommender;
			sourceTree = "<group>";
		};
		01483A3A26103DB600D840EA /* ImageSupported */ = {
			isa = PBXGroup;
			children = (
				01622D4F261FE842004E506F /* FBImageStorage.swift */,
				0106B33E2622F76A00574097 /* ImageStorage.swift */,
			);
			path = ImageSupported;
			sourceTree = "<group>";
		};
		017FD88B25F7B6E70064EF40 = {
			isa = PBXGroup;
			children = (
				017FD89625F7B6E80064EF40 /* Trippy */,
				017FD8A825F7B6E80064EF40 /* TrippyTests */,
				017FD8B325F7B6E80064EF40 /* TrippyUITests */,
				017FD89525F7B6E80064EF40 /* Products */,
			);
			sourceTree = "<group>";
		};
		017FD89525F7B6E80064EF40 /* Products */ = {
			isa = PBXGroup;
			children = (
				017FD89425F7B6E80064EF40 /* Trippy.app */,
				017FD8A525F7B6E80064EF40 /* TrippyTests.xctest */,
				017FD8B025F7B6E80064EF40 /* TrippyUITests.xctest */,
			);
			name = Products;
			sourceTree = "<group>";
		};
		017FD89625F7B6E80064EF40 /* Trippy */ = {
			isa = PBXGroup;
			children = (
				01F4634425FD1E3400BBB8E9 /* View */,
				01F4636F25FD1ECB00BBB8E9 /* ViewModel */,
				01F4635F25FD1E9300BBB8E9 /* Model */,
				01F4638825FD1F6C00BBB8E9 /* Storage */,
				01F4637A25FD1F3C00BBB8E9 /* Util */,
				017FD89725F7B6E80064EF40 /* TrippyApp.swift */,
				76FC82C326175FC2009736B2 /* FBSessionWrapper.swift */,
				7694E9EB25FE5C6700AF9E63 /* FBSessionStore.swift */,
				76F8BE192611105700393AF7 /* SessionStore.swift */,
				017FD8A025F7B6E80064EF40 /* Info.plist */,
				0118657A25F9D8BA00BAA267 /* GoogleService-Info.plist */,
				017FD89B25F7B6E80064EF40 /* Assets.xcassets */,
				017FD89D25F7B6E80064EF40 /* Preview Content */,
			);
			path = Trippy;
			sourceTree = "<group>";
		};
		017FD89D25F7B6E80064EF40 /* Preview Content */ = {
			isa = PBXGroup;
			children = (
				017FD89E25F7B6E80064EF40 /* Preview Assets.xcassets */,
				714AF4F625FD16B300C0EFFA /* PreviewLocations.swift */,
			);
			path = "Preview Content";
			sourceTree = "<group>";
		};
		017FD8A825F7B6E80064EF40 /* TrippyTests */ = {
			isa = PBXGroup;
			children = (
				01F8437C25FDED2200080ED5 /* Model */,
				01F4639C25FD202900BBB8E9 /* Util */,
				017FD8AB25F7B6E80064EF40 /* Info.plist */,
			);
			path = TrippyTests;
			sourceTree = "<group>";
		};
		017FD8B325F7B6E80064EF40 /* TrippyUITests */ = {
			isa = PBXGroup;
			children = (
				017FD8B425F7B6E80064EF40 /* TrippyUITests.swift */,
				017FD8B625F7B6E80064EF40 /* Info.plist */,
			);
			path = TrippyUITests;
			sourceTree = "<group>";
		};
		01F4634425FD1E3400BBB8E9 /* View */ = {
			isa = PBXGroup;
			children = (
				017FD89925F7B6E80064EF40 /* ContentView.swift */,
				01F4634525FD1E4200BBB8E9 /* BucketItemView.swift */,
				01F4634D25FD1E5200BBB8E9 /* BucketListView.swift */,
				011172C82605BBCE0028F971 /* AddBucketItemView.swift */,
				01F4635225FD1E6200BBB8E9 /* CollectionView.swift */,
				01F4635725FD1E7300BBB8E9 /* RectangularCard.swift */,
				7694E9D225FDEDC700AF9E63 /* LogInView.swift */,
				7694EA3726015AB700AF9E63 /* AccountPageView.swift */,
				7694EA3C26015C1300AF9E63 /* CircleImageView.swift */,
				7694E9F025FEA73900AF9E63 /* StartUpView.swift */,
				7694E9DC25FDF5EB00AF9E63 /* SignUpView.swift */,
				DB927370260019A400B898AE /* FriendsListView.swift */,
				DB92738426002AE300B898AE /* FriendsItemView.swift */,
				7152017325FCB5D300F0ABAC /* LocationListView.swift */,
				7152018725FCD4EB00F0ABAC /* LocationCardView.swift */,
				714A9A0B25FF46EE0030C2F9 /* LocationDetailView.swift */,
				71FB973125F893750083C6F5 /* LocationMapView.swift */,
				714BA80826019D9000E69470 /* AddLocationView.swift */,
				714B10C726060D6C0040FAA1 /* ImagePicker.swift */,
				714A9A1825FFDA050030C2F9 /* DisplayLocationsMapView.swift */,
				714B74822600FC6500ADF2FE /* DisplayLocationsMapCoordinator.swift */,
				714B74902600FD8700ADF2FE /* AddLocationMapView.swift */,
				714B7495260100F400ADF2FE /* AddLocationMapCoordinator.swift */,
				DB2D33572612F003000C2351 /* WeatherSectionView.swift */,
				7694EA492602ED1300AF9E63 /* HomepageView.swift */,
				DB9273A12604487600B898AE /* AddFriendView.swift */,
				76E74BE92613CD57004BA414 /* LevelProgressionView.swift */,
			);
			path = View;
			sourceTree = "<group>";
		};
		01F4635F25FD1E9300BBB8E9 /* Model */ = {
			isa = PBXGroup;
			children = (
				01F4636025FD1EA200BBB8E9 /* BucketItem.swift */,
				714BFF702622EF4000ABA11B /* Rating.swift */,
				714BFF752622F1AC00ABA11B /* RatingModel.swift */,
				01F8436725FDDF4F00080ED5 /* BucketModel.swift */,
				7694E9E625FE541700AF9E63 /* User.swift */,
				DB92737F260027F800B898AE /* FriendsListModel.swift */,
				71FB972C25F87C420083C6F5 /* Location.swift */,
				01EFA3872612F93A002FEA23 /* LocationCategory.swift */,
				714C54E8260C6C9D00C75D92 /* Model.swift */,
				714DFD4A26006CF800711204 /* LocationPin.swift */,
				7152017825FCB91D00F0ABAC /* LocationModel.swift */,
				01088F5B2606442F00579707 /* BucketListError.swift */,
				01483A442610728D00D840EA /* Friend.swift */,
				76E74BC32613607C004BA414 /* LevelSystem.swift */,
				0106B3392622F5B500574097 /* ImageModel.swift */,
				0106B3432622F87400574097 /* Trippyimage.swift */,
			);
			path = Model;
			sourceTree = "<group>";
		};
		01F4636F25FD1ECB00BBB8E9 /* ViewModel */ = {
			isa = PBXGroup;
			children = (
				714A79102615689600E7C865 /* VisitTracker.swift */,
				714ADFC4262597ED00619349 /* NotificationManager.swift */,
				714A6D83261429BF0032CA7C /* LocationCoordinator.swift */,
				01F4637025FD1EDF00BBB8E9 /* BucketItemViewModel.swift */,
				01F4637525FD1EF600BBB8E9 /* BucketListViewModel.swift */,
				DB2D335C2612F0F0000C2351 /* WeatherSectionViewModel.swift */,
				011172C32605B22A0028F971 /* AddBucketItemViewModel.swift */,
				7694E9E125FDF75A00AF9E63 /* SignUpViewModel.swift */,
				DB92737526001AEA00B898AE /* FriendsListViewModel.swift */,
				DB9273A626044F0B00B898AE /* AddFriendViewModel.swift */,
				DB92737A26001BCE00B898AE /* FriendsItemViewModel.swift */,
				7694E9D725FDEEA900AF9E63 /* LogInViewModel.swift */,
				7694EA412601608800AF9E63 /* AccountPageViewModel.swift */,
				7152017D25FCC5D700F0ABAC /* LocationListViewModel.swift */,
				7152018225FCD00D00F0ABAC /* LocationCardViewModel.swift */,
				714A9A1025FF4D540030C2F9 /* LocationDetailViewModel.swift */,
				714A9A1D25FFDB4F0030C2F9 /* LocationMapViewModel.swift */,
				714BA80D2601A61500E69470 /* AddLocationViewModel.swift */,
				7694EA4E2602EF9A00AF9E63 /* HomepageViewModel.swift */,
				76E74BEE2614566F004BA414 /* LevelProgressionViewModel.swift */,
			);
			path = ViewModel;
			sourceTree = "<group>";
		};
		01F4637A25FD1F3C00BBB8E9 /* Util */ = {
			isa = PBXGroup;
			children = (
				01F4637B25FD1F4900BBB8E9 /* Color+Extensions.swift */,
				01F4638325FD1F5900BBB8E9 /* Date+Extensions.swift */,
				01F4638925FD1FBE00BBB8E9 /* DateManager.swift */,
				01F4639125FD1FCB00BBB8E9 /* String+Extensions.swift */,
				DB2D33522612EE6C000C2351 /* NetworkError.swift */,
				714B10CF26066D180040FAA1 /* UIImage+Extensions.swift */,
				01483A5126108D1500D840EA /* Image+Extensions.swift */,
				76E74BCD26136350004BA414 /* FBLevelSystemService.swift */,
				76E74BD52613692F004BA414 /* LevelSystemService.swift */,
				76E74BDA26137B94004BA414 /* ExperienceAction.swift */,
				76E74BDF26137BFF004BA414 /* LevelSystemUtil.swift */,
				76E74BE426137DA5004BA414 /* LevelSystemConstants.swift */,
				DB2D334D2612E1DF000C2351 /* WeatherService.swift */,
				DB2D33612612F3B4000C2351 /* CurrentWeather.swift */,
			);
			path = Util;
			sourceTree = "<group>";
		};
		01F4638825FD1F6C00BBB8E9 /* Storage */ = {
			isa = PBXGroup;
			children = (
				012CE5C726121DF800039A25 /* Recommender */,
				01483A3A26103DB600D840EA /* ImageSupported */,
				714AF261260B85C20034269C /* FBLocation.swift */,
				76F8BE0E2610D8F000393AF7 /* FBUser.swift */,
				01F8437425FDE05100080ED5 /* FBBucketItem.swift */,
				01483A4926107AA400D840EA /* FBFriend.swift */,
				714C54F0260C7F8000C75D92 /* FBStorable.swift */,
				714BFF7A262302D200ABA11B /* FBRating.swift */,
				71565A8325F9F4F40070256A /* StorageError.swift */,
				76E74BC82613617C004BA414 /* FBLevelSystem.swift */,
				0106B37D2622FFCC00574097 /* FBStorage.swift */,
				0106B38B262300E200574097 /* StorageProtocol.swift */,
			);
			path = Storage;
			sourceTree = "<group>";
		};
		01F4639C25FD202900BBB8E9 /* Util */ = {
			isa = PBXGroup;
			children = (
				01F4639D25FD203900BBB8E9 /* DateManagerTests.swift */,
			);
			path = Util;
			sourceTree = "<group>";
		};
		01F8437C25FDED2200080ED5 /* Model */ = {
			isa = PBXGroup;
			children = (
				71498ADC2619581300AB8AEB /* MockLocationRecommender.swift */,
				01F8437D25FDED3800080ED5 /* BucketModelTests.swift */,
				714BFD5826047C41001E369F /* LocationModelTests.swift */,
				714BFD502604785F001E369F /* MockImageSupportedStorage.swift */,
				768A9CAE26074A4C004EF22C /* UserTests.swift */,
				01F712A926189793000E0A6B /* MockUserRelatedStorage.swift */,
			);
			path = Model;
			sourceTree = "<group>";
		};
/* End PBXGroup section */

/* Begin PBXNativeTarget section */
		017FD89325F7B6E80064EF40 /* Trippy */ = {
			isa = PBXNativeTarget;
			buildConfigurationList = 017FD8B925F7B6E80064EF40 /* Build configuration list for PBXNativeTarget "Trippy" */;
			buildPhases = (
				017FD89025F7B6E80064EF40 /* Sources */,
				017FD89125F7B6E80064EF40 /* Frameworks */,
				017FD89225F7B6E80064EF40 /* Resources */,
				7694EA0F2600F67000AF9E63 /* Run Script */,
			);
			buildRules = (
			);
			dependencies = (
			);
			name = Trippy;
			packageProductDependencies = (
				017FD8C625F7B9020064EF40 /* FirebaseFirestore */,
				017FD8C825F7B9020064EF40 /* FirebaseFirestoreSwift-Beta */,
				017FD8CA25F7B9020064EF40 /* FirebaseAnalytics */,
				017FD8CC25F7B9020064EF40 /* FirebaseStorageSwift-Beta */,
				017FD8CE25F7B9020064EF40 /* FirebaseStorage */,
				017FD8D025F7B9020064EF40 /* FirebaseFunctions */,
				017FD8D225F7B9020064EF40 /* FirebaseCrashlytics */,
				017FD8D425F7B9020064EF40 /* FirebaseMessaging */,
				017FD8D625F7B9020064EF40 /* FirebaseAuth */,
				01F8435A25FDC6ED00080ED5 /* URLImage */,
			);
			productName = Trippy;
			productReference = 017FD89425F7B6E80064EF40 /* Trippy.app */;
			productType = "com.apple.product-type.application";
		};
		017FD8A425F7B6E80064EF40 /* TrippyTests */ = {
			isa = PBXNativeTarget;
			buildConfigurationList = 017FD8BC25F7B6E80064EF40 /* Build configuration list for PBXNativeTarget "TrippyTests" */;
			buildPhases = (
				017FD8A125F7B6E80064EF40 /* Sources */,
				017FD8A225F7B6E80064EF40 /* Frameworks */,
				017FD8A325F7B6E80064EF40 /* Resources */,
			);
			buildRules = (
			);
			dependencies = (
				017FD8A725F7B6E80064EF40 /* PBXTargetDependency */,
			);
			name = TrippyTests;
			productName = TrippyTests;
			productReference = 017FD8A525F7B6E80064EF40 /* TrippyTests.xctest */;
			productType = "com.apple.product-type.bundle.unit-test";
		};
		017FD8AF25F7B6E80064EF40 /* TrippyUITests */ = {
			isa = PBXNativeTarget;
			buildConfigurationList = 017FD8BF25F7B6E80064EF40 /* Build configuration list for PBXNativeTarget "TrippyUITests" */;
			buildPhases = (
				017FD8AC25F7B6E80064EF40 /* Sources */,
				017FD8AD25F7B6E80064EF40 /* Frameworks */,
				017FD8AE25F7B6E80064EF40 /* Resources */,
			);
			buildRules = (
			);
			dependencies = (
				017FD8B225F7B6E80064EF40 /* PBXTargetDependency */,
			);
			name = TrippyUITests;
			productName = TrippyUITests;
			productReference = 017FD8B025F7B6E80064EF40 /* TrippyUITests.xctest */;
			productType = "com.apple.product-type.bundle.ui-testing";
		};
/* End PBXNativeTarget section */

/* Begin PBXProject section */
		017FD88C25F7B6E70064EF40 /* Project object */ = {
			isa = PBXProject;
			attributes = {
				LastSwiftUpdateCheck = 1230;
				LastUpgradeCheck = 1230;
				TargetAttributes = {
					017FD89325F7B6E80064EF40 = {
						CreatedOnToolsVersion = 12.3;
					};
					017FD8A425F7B6E80064EF40 = {
						CreatedOnToolsVersion = 12.3;
						TestTargetID = 017FD89325F7B6E80064EF40;
					};
					017FD8AF25F7B6E80064EF40 = {
						CreatedOnToolsVersion = 12.3;
						TestTargetID = 017FD89325F7B6E80064EF40;
					};
				};
			};
			buildConfigurationList = 017FD88F25F7B6E70064EF40 /* Build configuration list for PBXProject "Trippy" */;
			compatibilityVersion = "Xcode 9.3";
			developmentRegion = en;
			hasScannedForEncodings = 0;
			knownRegions = (
				en,
				Base,
			);
			mainGroup = 017FD88B25F7B6E70064EF40;
			packageReferences = (
				017FD8C525F7B9020064EF40 /* XCRemoteSwiftPackageReference "firebase-ios-sdk" */,
				01F8435925FDC6ED00080ED5 /* XCRemoteSwiftPackageReference "url-image" */,
			);
			productRefGroup = 017FD89525F7B6E80064EF40 /* Products */;
			projectDirPath = "";
			projectRoot = "";
			targets = (
				017FD89325F7B6E80064EF40 /* Trippy */,
				017FD8A425F7B6E80064EF40 /* TrippyTests */,
				017FD8AF25F7B6E80064EF40 /* TrippyUITests */,
			);
		};
/* End PBXProject section */

/* Begin PBXResourcesBuildPhase section */
		017FD89225F7B6E80064EF40 /* Resources */ = {
			isa = PBXResourcesBuildPhase;
			buildActionMask = 2147483647;
			files = (
				017FD89F25F7B6E80064EF40 /* Preview Assets.xcassets in Resources */,
				017FD89C25F7B6E80064EF40 /* Assets.xcassets in Resources */,
				0118657B25F9D8BA00BAA267 /* GoogleService-Info.plist in Resources */,
			);
			runOnlyForDeploymentPostprocessing = 0;
		};
		017FD8A325F7B6E80064EF40 /* Resources */ = {
			isa = PBXResourcesBuildPhase;
			buildActionMask = 2147483647;
			files = (
			);
			runOnlyForDeploymentPostprocessing = 0;
		};
		017FD8AE25F7B6E80064EF40 /* Resources */ = {
			isa = PBXResourcesBuildPhase;
			buildActionMask = 2147483647;
			files = (
			);
			runOnlyForDeploymentPostprocessing = 0;
		};
/* End PBXResourcesBuildPhase section */

/* Begin PBXShellScriptBuildPhase section */
		7694EA0F2600F67000AF9E63 /* Run Script */ = {
			isa = PBXShellScriptBuildPhase;
			buildActionMask = 2147483647;
			files = (
			);
			inputFileListPaths = (
			);
			inputPaths = (
			);
			name = "Run Script";
			outputFileListPaths = (
			);
			outputPaths = (
			);
			runOnlyForDeploymentPostprocessing = 0;
			shellPath = /bin/sh;
			shellScript = "if which swiftlint >/dev/null; then\n  swiftlint autocorrect && swiftlint\nelse\n  echo \"warning: SwiftLint not installed, download from https://github.com/realm/SwiftLint\"\nfi\n";
		};
/* End PBXShellScriptBuildPhase section */

/* Begin PBXSourcesBuildPhase section */
		017FD89025F7B6E80064EF40 /* Sources */ = {
			isa = PBXSourcesBuildPhase;
			buildActionMask = 2147483647;
			files = (
				714ADFC5262597ED00619349 /* NotificationManager.swift in Sources */,
				01EFA3882612F93A002FEA23 /* LocationCategory.swift in Sources */,
				71FFCE052604BA7E00309D80 /* Date+Extensions.swift in Sources */,
				76F8BE0F2610D8F000393AF7 /* FBUser.swift in Sources */,
				71FFCE012604BA6300309D80 /* ContentView.swift in Sources */,
				71FFCDFD2604BA4F00309D80 /* TrippyApp.swift in Sources */,
				714B10C826060D6C0040FAA1 /* ImagePicker.swift in Sources */,
				012CE5C926121E0E00039A25 /* LocationRecommender.swift in Sources */,
				7694E9D825FDEEA900AF9E63 /* LogInViewModel.swift in Sources */,
				7694E9DD25FDF5EB00AF9E63 /* SignUpView.swift in Sources */,
				7694E9D325FDEDC700AF9E63 /* LogInView.swift in Sources */,
				7694EA3826015AB800AF9E63 /* AccountPageView.swift in Sources */,
				0106B38C262300E200574097 /* StorageProtocol.swift in Sources */,
				714C54E9260C6C9D00C75D92 /* Model.swift in Sources */,
				7694E9E225FDF75A00AF9E63 /* SignUpViewModel.swift in Sources */,
				DB92737626001AEA00B898AE /* FriendsListViewModel.swift in Sources */,
				7694EA3D26015C1300AF9E63 /* CircleImageView.swift in Sources */,
				7694E9EC25FE5C6700AF9E63 /* FBSessionStore.swift in Sources */,
				01088F5C2606442F00579707 /* BucketListError.swift in Sources */,
				DB92737B26001BCE00B898AE /* FriendsItemViewModel.swift in Sources */,
				DB927371260019A400B898AE /* FriendsListView.swift in Sources */,
				714BFF712622EF4000ABA11B /* Rating.swift in Sources */,
				714AF262260B85C20034269C /* FBLocation.swift in Sources */,
				76E74BDB26137B94004BA414 /* ExperienceAction.swift in Sources */,
				DB92737B26001BCE00B898AE /* FriendsItemViewModel.swift in Sources */,
				DB927371260019A400B898AE /* FriendsListView.swift in Sources */,
				76E74BD62613692F004BA414 /* LevelSystemService.swift in Sources */,
				DB2D33532612EE6C000C2351 /* NetworkError.swift in Sources */,
				7694E9F125FEA73900AF9E63 /* StartUpView.swift in Sources */,
				76E74BEA2613CD57004BA414 /* LevelProgressionView.swift in Sources */,
				DB927380260027F800B898AE /* FriendsListModel.swift in Sources */,
				DB92738526002AE300B898AE /* FriendsItemView.swift in Sources */,
				714A6D84261429BF0032CA7C /* LocationCoordinator.swift in Sources */,
				7694E9E725FE541700AF9E63 /* User.swift in Sources */,
				714BFF7B262302D200ABA11B /* FBRating.swift in Sources */,
				01F4635825FD1E7300BBB8E9 /* RectangularCard.swift in Sources */,
				01483A452610728D00D840EA /* Friend.swift in Sources */,
				714C54F1260C7F8000C75D92 /* FBStorable.swift in Sources */,
				76FC82C426175FC2009736B2 /* FBSessionWrapper.swift in Sources */,
				DB9273A22604487600B898AE /* AddFriendView.swift in Sources */,
				01F8436825FDDF4F00080ED5 /* BucketModel.swift in Sources */,
				01483A5226108D1500D840EA /* Image+Extensions.swift in Sources */,
				01F4638A25FD1FBE00BBB8E9 /* DateManager.swift in Sources */,
				7694EA422601608800AF9E63 /* AccountPageViewModel.swift in Sources */,
				DB2D33582612F003000C2351 /* WeatherSectionView.swift in Sources */,
				01483A4A26107AA400D840EA /* FBFriend.swift in Sources */,
				76E74BE026137BFF004BA414 /* LevelSystemUtil.swift in Sources */,
				01F4637C25FD1F4900BBB8E9 /* Color+Extensions.swift in Sources */,
				01F8437525FDE05100080ED5 /* FBBucketItem.swift in Sources */,
				714BFF762622F1AC00ABA11B /* RatingModel.swift in Sources */,
				DB2D335D2612F0F0000C2351 /* WeatherSectionViewModel.swift in Sources */,
				01F4634E25FD1E5200BBB8E9 /* BucketListView.swift in Sources */,
				714B10D026066D190040FAA1 /* UIImage+Extensions.swift in Sources */,
				01F4636125FD1EA200BBB8E9 /* BucketItem.swift in Sources */,
				76F8BE1A2611105700393AF7 /* SessionStore.swift in Sources */,
				011172C92605BBCE0028F971 /* AddBucketItemView.swift in Sources */,
				01F4635325FD1E6200BBB8E9 /* CollectionView.swift in Sources */,
				0106B3442622F87400574097 /* Trippyimage.swift in Sources */,
				76E74BE526137DA5004BA414 /* LevelSystemConstants.swift in Sources */,
				7152017425FCB5D300F0ABAC /* LocationListView.swift in Sources */,
				714A79112615689600E7C865 /* VisitTracker.swift in Sources */,
				714BA80926019D9000E69470 /* AddLocationView.swift in Sources */,
				01622D50261FE842004E506F /* FBImageStorage.swift in Sources */,
				DB9273A726044F0B00B898AE /* AddFriendViewModel.swift in Sources */,
				76E74BC42613607C004BA414 /* LevelSystem.swift in Sources */,
				7152018825FCD4EB00F0ABAC /* LocationCardView.swift in Sources */,
				76E74BEF2614566F004BA414 /* LevelProgressionViewModel.swift in Sources */,
				012CE5D126121E7E00039A25 /* FBLocationRecommender.swift in Sources */,
				DB2D33622612F3B4000C2351 /* CurrentWeather.swift in Sources */,
				714A9A1125FF4D540030C2F9 /* LocationDetailViewModel.swift in Sources */,
				0106B33F2622F76A00574097 /* ImageStorage.swift in Sources */,
				7152017E25FCC5D700F0ABAC /* LocationListViewModel.swift in Sources */,
				714A9A1925FFDA050030C2F9 /* DisplayLocationsMapView.swift in Sources */,
				714B74832600FC6500ADF2FE /* DisplayLocationsMapCoordinator.swift in Sources */,
				0106B37E2622FFCC00574097 /* FBStorage.swift in Sources */,
				714B7496260100F400ADF2FE /* AddLocationMapCoordinator.swift in Sources */,
				01F4637625FD1EF700BBB8E9 /* BucketListViewModel.swift in Sources */,
				01F4637125FD1EDF00BBB8E9 /* BucketItemViewModel.swift in Sources */,
				71FB973225F893750083C6F5 /* LocationMapView.swift in Sources */,
				714B74912600FD8700ADF2FE /* AddLocationMapView.swift in Sources */,
				71565A8425F9F4F40070256A /* StorageError.swift in Sources */,
				011172C42605B22A0028F971 /* AddBucketItemViewModel.swift in Sources */,
				76E74BCE26136350004BA414 /* FBLevelSystemService.swift in Sources */,
				DB2D334E2612E1DF000C2351 /* WeatherService.swift in Sources */,
				71FB972D25F87C420083C6F5 /* Location.swift in Sources */,
				7152018325FCD00D00F0ABAC /* LocationCardViewModel.swift in Sources */,
				714BA80E2601A61500E69470 /* AddLocationViewModel.swift in Sources */,
				7694EA4F2602EF9A00AF9E63 /* HomepageViewModel.swift in Sources */,
				714AF4F725FD16B300C0EFFA /* PreviewLocations.swift in Sources */,
				7152017925FCB91D00F0ABAC /* LocationModel.swift in Sources */,
				714A9A0C25FF46EE0030C2F9 /* LocationDetailView.swift in Sources */,
				7694EA4A2602ED1300AF9E63 /* HomepageView.swift in Sources */,
				714DFD4B26006CF800711204 /* LocationPin.swift in Sources */,
				714A9A1E25FFDB4F0030C2F9 /* LocationMapViewModel.swift in Sources */,
				01F4639225FD1FCB00BBB8E9 /* String+Extensions.swift in Sources */,
				76E74BC92613617C004BA414 /* FBLevelSystem.swift in Sources */,
				01F4634625FD1E4200BBB8E9 /* BucketItemView.swift in Sources */,
				0106B33A2622F5B500574097 /* ImageModel.swift in Sources */,
			);
			runOnlyForDeploymentPostprocessing = 0;
		};
		017FD8A125F7B6E80064EF40 /* Sources */ = {
			isa = PBXSourcesBuildPhase;
			buildActionMask = 2147483647;
			files = (
				71498ADD2619581300AB8AEB /* MockLocationRecommender.swift in Sources */,
				01F8437E25FDED3800080ED5 /* BucketModelTests.swift in Sources */,
				01F4639E25FD203900BBB8E9 /* DateManagerTests.swift in Sources */,
				768A9CAF26074A4C004EF22C /* UserTests.swift in Sources */,
				714BFD512604785F001E369F /* MockImageSupportedStorage.swift in Sources */,
				714BFD5926047C41001E369F /* LocationModelTests.swift in Sources */,
				01F712AA26189793000E0A6B /* MockUserRelatedStorage.swift in Sources */,
			);
			runOnlyForDeploymentPostprocessing = 0;
		};
		017FD8AC25F7B6E80064EF40 /* Sources */ = {
			isa = PBXSourcesBuildPhase;
			buildActionMask = 2147483647;
			files = (
				017FD8B525F7B6E80064EF40 /* TrippyUITests.swift in Sources */,
			);
			runOnlyForDeploymentPostprocessing = 0;
		};
/* End PBXSourcesBuildPhase section */

/* Begin PBXTargetDependency section */
		017FD8A725F7B6E80064EF40 /* PBXTargetDependency */ = {
			isa = PBXTargetDependency;
			target = 017FD89325F7B6E80064EF40 /* Trippy */;
			targetProxy = 017FD8A625F7B6E80064EF40 /* PBXContainerItemProxy */;
		};
		017FD8B225F7B6E80064EF40 /* PBXTargetDependency */ = {
			isa = PBXTargetDependency;
			target = 017FD89325F7B6E80064EF40 /* Trippy */;
			targetProxy = 017FD8B125F7B6E80064EF40 /* PBXContainerItemProxy */;
		};
/* End PBXTargetDependency section */

/* Begin XCBuildConfiguration section */
		017FD8B725F7B6E80064EF40 /* Debug */ = {
			isa = XCBuildConfiguration;
			buildSettings = {
				ALWAYS_SEARCH_USER_PATHS = NO;
				CLANG_ANALYZER_NONNULL = YES;
				CLANG_ANALYZER_NUMBER_OBJECT_CONVERSION = YES_AGGRESSIVE;
				CLANG_CXX_LANGUAGE_STANDARD = "gnu++14";
				CLANG_CXX_LIBRARY = "libc++";
				CLANG_ENABLE_MODULES = YES;
				CLANG_ENABLE_OBJC_ARC = YES;
				CLANG_ENABLE_OBJC_WEAK = YES;
				CLANG_WARN_BLOCK_CAPTURE_AUTORELEASING = YES;
				CLANG_WARN_BOOL_CONVERSION = YES;
				CLANG_WARN_COMMA = YES;
				CLANG_WARN_CONSTANT_CONVERSION = YES;
				CLANG_WARN_DEPRECATED_OBJC_IMPLEMENTATIONS = YES;
				CLANG_WARN_DIRECT_OBJC_ISA_USAGE = YES_ERROR;
				CLANG_WARN_DOCUMENTATION_COMMENTS = YES;
				CLANG_WARN_EMPTY_BODY = YES;
				CLANG_WARN_ENUM_CONVERSION = YES;
				CLANG_WARN_INFINITE_RECURSION = YES;
				CLANG_WARN_INT_CONVERSION = YES;
				CLANG_WARN_NON_LITERAL_NULL_CONVERSION = YES;
				CLANG_WARN_OBJC_IMPLICIT_RETAIN_SELF = YES;
				CLANG_WARN_OBJC_LITERAL_CONVERSION = YES;
				CLANG_WARN_OBJC_ROOT_CLASS = YES_ERROR;
				CLANG_WARN_QUOTED_INCLUDE_IN_FRAMEWORK_HEADER = YES;
				CLANG_WARN_RANGE_LOOP_ANALYSIS = YES;
				CLANG_WARN_STRICT_PROTOTYPES = YES;
				CLANG_WARN_SUSPICIOUS_MOVE = YES;
				CLANG_WARN_UNGUARDED_AVAILABILITY = YES_AGGRESSIVE;
				CLANG_WARN_UNREACHABLE_CODE = YES;
				CLANG_WARN__DUPLICATE_METHOD_MATCH = YES;
				COPY_PHASE_STRIP = NO;
				DEBUG_INFORMATION_FORMAT = dwarf;
				ENABLE_STRICT_OBJC_MSGSEND = YES;
				ENABLE_TESTABILITY = YES;
				GCC_C_LANGUAGE_STANDARD = gnu11;
				GCC_DYNAMIC_NO_PIC = NO;
				GCC_NO_COMMON_BLOCKS = YES;
				GCC_OPTIMIZATION_LEVEL = 0;
				GCC_PREPROCESSOR_DEFINITIONS = (
					"DEBUG=1",
					"$(inherited)",
				);
				GCC_WARN_64_TO_32_BIT_CONVERSION = YES;
				GCC_WARN_ABOUT_RETURN_TYPE = YES_ERROR;
				GCC_WARN_UNDECLARED_SELECTOR = YES;
				GCC_WARN_UNINITIALIZED_AUTOS = YES_AGGRESSIVE;
				GCC_WARN_UNUSED_FUNCTION = YES;
				GCC_WARN_UNUSED_VARIABLE = YES;
				IPHONEOS_DEPLOYMENT_TARGET = 14.3;
				MTL_ENABLE_DEBUG_INFO = INCLUDE_SOURCE;
				MTL_FAST_MATH = YES;
				ONLY_ACTIVE_ARCH = YES;
				SDKROOT = iphoneos;
				SWIFT_ACTIVE_COMPILATION_CONDITIONS = DEBUG;
				SWIFT_OPTIMIZATION_LEVEL = "-Onone";
			};
			name = Debug;
		};
		017FD8B825F7B6E80064EF40 /* Release */ = {
			isa = XCBuildConfiguration;
			buildSettings = {
				ALWAYS_SEARCH_USER_PATHS = NO;
				CLANG_ANALYZER_NONNULL = YES;
				CLANG_ANALYZER_NUMBER_OBJECT_CONVERSION = YES_AGGRESSIVE;
				CLANG_CXX_LANGUAGE_STANDARD = "gnu++14";
				CLANG_CXX_LIBRARY = "libc++";
				CLANG_ENABLE_MODULES = YES;
				CLANG_ENABLE_OBJC_ARC = YES;
				CLANG_ENABLE_OBJC_WEAK = YES;
				CLANG_WARN_BLOCK_CAPTURE_AUTORELEASING = YES;
				CLANG_WARN_BOOL_CONVERSION = YES;
				CLANG_WARN_COMMA = YES;
				CLANG_WARN_CONSTANT_CONVERSION = YES;
				CLANG_WARN_DEPRECATED_OBJC_IMPLEMENTATIONS = YES;
				CLANG_WARN_DIRECT_OBJC_ISA_USAGE = YES_ERROR;
				CLANG_WARN_DOCUMENTATION_COMMENTS = YES;
				CLANG_WARN_EMPTY_BODY = YES;
				CLANG_WARN_ENUM_CONVERSION = YES;
				CLANG_WARN_INFINITE_RECURSION = YES;
				CLANG_WARN_INT_CONVERSION = YES;
				CLANG_WARN_NON_LITERAL_NULL_CONVERSION = YES;
				CLANG_WARN_OBJC_IMPLICIT_RETAIN_SELF = YES;
				CLANG_WARN_OBJC_LITERAL_CONVERSION = YES;
				CLANG_WARN_OBJC_ROOT_CLASS = YES_ERROR;
				CLANG_WARN_QUOTED_INCLUDE_IN_FRAMEWORK_HEADER = YES;
				CLANG_WARN_RANGE_LOOP_ANALYSIS = YES;
				CLANG_WARN_STRICT_PROTOTYPES = YES;
				CLANG_WARN_SUSPICIOUS_MOVE = YES;
				CLANG_WARN_UNGUARDED_AVAILABILITY = YES_AGGRESSIVE;
				CLANG_WARN_UNREACHABLE_CODE = YES;
				CLANG_WARN__DUPLICATE_METHOD_MATCH = YES;
				COPY_PHASE_STRIP = NO;
				DEBUG_INFORMATION_FORMAT = "dwarf-with-dsym";
				ENABLE_NS_ASSERTIONS = NO;
				ENABLE_STRICT_OBJC_MSGSEND = YES;
				GCC_C_LANGUAGE_STANDARD = gnu11;
				GCC_NO_COMMON_BLOCKS = YES;
				GCC_WARN_64_TO_32_BIT_CONVERSION = YES;
				GCC_WARN_ABOUT_RETURN_TYPE = YES_ERROR;
				GCC_WARN_UNDECLARED_SELECTOR = YES;
				GCC_WARN_UNINITIALIZED_AUTOS = YES_AGGRESSIVE;
				GCC_WARN_UNUSED_FUNCTION = YES;
				GCC_WARN_UNUSED_VARIABLE = YES;
				IPHONEOS_DEPLOYMENT_TARGET = 14.3;
				MTL_ENABLE_DEBUG_INFO = NO;
				MTL_FAST_MATH = YES;
				SDKROOT = iphoneos;
				SWIFT_COMPILATION_MODE = wholemodule;
				SWIFT_OPTIMIZATION_LEVEL = "-O";
				VALIDATE_PRODUCT = YES;
			};
			name = Release;
		};
		017FD8BA25F7B6E80064EF40 /* Debug */ = {
			isa = XCBuildConfiguration;
			buildSettings = {
				ASSETCATALOG_COMPILER_APPICON_NAME = AppIcon;
				ASSETCATALOG_COMPILER_GLOBAL_ACCENT_COLOR_NAME = AccentColor;
				CODE_SIGN_STYLE = Automatic;
				DEVELOPMENT_ASSET_PATHS = "\"Trippy/Preview Content\"";
				DEVELOPMENT_TEAM = "";
				ENABLE_PREVIEWS = YES;
				INFOPLIST_FILE = Trippy/Info.plist;
				IPHONEOS_DEPLOYMENT_TARGET = 14.0;
				LD_RUNPATH_SEARCH_PATHS = (
					"$(inherited)",
					"@executable_path/Frameworks",
				);
				PRODUCT_BUNDLE_IDENTIFIER = CS3217.Trippy;
				PRODUCT_NAME = "$(TARGET_NAME)";
				SWIFT_VERSION = 5.0;
				TARGETED_DEVICE_FAMILY = "1,2";
			};
			name = Debug;
		};
		017FD8BB25F7B6E80064EF40 /* Release */ = {
			isa = XCBuildConfiguration;
			buildSettings = {
				ASSETCATALOG_COMPILER_APPICON_NAME = AppIcon;
				ASSETCATALOG_COMPILER_GLOBAL_ACCENT_COLOR_NAME = AccentColor;
				CODE_SIGN_STYLE = Automatic;
				DEVELOPMENT_ASSET_PATHS = "\"Trippy/Preview Content\"";
				DEVELOPMENT_TEAM = "";
				ENABLE_PREVIEWS = YES;
				INFOPLIST_FILE = Trippy/Info.plist;
				IPHONEOS_DEPLOYMENT_TARGET = 14.0;
				LD_RUNPATH_SEARCH_PATHS = (
					"$(inherited)",
					"@executable_path/Frameworks",
				);
				PRODUCT_BUNDLE_IDENTIFIER = CS3217.Trippy;
				PRODUCT_NAME = "$(TARGET_NAME)";
				SWIFT_VERSION = 5.0;
				TARGETED_DEVICE_FAMILY = "1,2";
			};
			name = Release;
		};
		017FD8BD25F7B6E80064EF40 /* Debug */ = {
			isa = XCBuildConfiguration;
			buildSettings = {
				ALWAYS_EMBED_SWIFT_STANDARD_LIBRARIES = YES;
				BUNDLE_LOADER = "$(TEST_HOST)";
				CODE_SIGN_STYLE = Automatic;
				INFOPLIST_FILE = TrippyTests/Info.plist;
				IPHONEOS_DEPLOYMENT_TARGET = 14.0;
				LD_RUNPATH_SEARCH_PATHS = (
					"$(inherited)",
					"@executable_path/Frameworks",
					"@loader_path/Frameworks",
				);
				PRODUCT_BUNDLE_IDENTIFIER = CS3217.TrippyTests;
				PRODUCT_NAME = "$(TARGET_NAME)";
				SWIFT_VERSION = 5.0;
				TARGETED_DEVICE_FAMILY = "1,2";
				TEST_HOST = "$(BUILT_PRODUCTS_DIR)/Trippy.app/Trippy";
			};
			name = Debug;
		};
		017FD8BE25F7B6E80064EF40 /* Release */ = {
			isa = XCBuildConfiguration;
			buildSettings = {
				ALWAYS_EMBED_SWIFT_STANDARD_LIBRARIES = YES;
				BUNDLE_LOADER = "$(TEST_HOST)";
				CODE_SIGN_STYLE = Automatic;
				INFOPLIST_FILE = TrippyTests/Info.plist;
				IPHONEOS_DEPLOYMENT_TARGET = 14.0;
				LD_RUNPATH_SEARCH_PATHS = (
					"$(inherited)",
					"@executable_path/Frameworks",
					"@loader_path/Frameworks",
				);
				PRODUCT_BUNDLE_IDENTIFIER = CS3217.TrippyTests;
				PRODUCT_NAME = "$(TARGET_NAME)";
				SWIFT_VERSION = 5.0;
				TARGETED_DEVICE_FAMILY = "1,2";
				TEST_HOST = "$(BUILT_PRODUCTS_DIR)/Trippy.app/Trippy";
			};
			name = Release;
		};
		017FD8C025F7B6E80064EF40 /* Debug */ = {
			isa = XCBuildConfiguration;
			buildSettings = {
				ALWAYS_EMBED_SWIFT_STANDARD_LIBRARIES = YES;
				CODE_SIGN_STYLE = Automatic;
				INFOPLIST_FILE = TrippyUITests/Info.plist;
				LD_RUNPATH_SEARCH_PATHS = (
					"$(inherited)",
					"@executable_path/Frameworks",
					"@loader_path/Frameworks",
				);
				PRODUCT_BUNDLE_IDENTIFIER = CS3217.TrippyUITests;
				PRODUCT_NAME = "$(TARGET_NAME)";
				SWIFT_VERSION = 5.0;
				TARGETED_DEVICE_FAMILY = "1,2";
				TEST_TARGET_NAME = Trippy;
			};
			name = Debug;
		};
		017FD8C125F7B6E80064EF40 /* Release */ = {
			isa = XCBuildConfiguration;
			buildSettings = {
				ALWAYS_EMBED_SWIFT_STANDARD_LIBRARIES = YES;
				CODE_SIGN_STYLE = Automatic;
				INFOPLIST_FILE = TrippyUITests/Info.plist;
				LD_RUNPATH_SEARCH_PATHS = (
					"$(inherited)",
					"@executable_path/Frameworks",
					"@loader_path/Frameworks",
				);
				PRODUCT_BUNDLE_IDENTIFIER = CS3217.TrippyUITests;
				PRODUCT_NAME = "$(TARGET_NAME)";
				SWIFT_VERSION = 5.0;
				TARGETED_DEVICE_FAMILY = "1,2";
				TEST_TARGET_NAME = Trippy;
			};
			name = Release;
		};
/* End XCBuildConfiguration section */

/* Begin XCConfigurationList section */
		017FD88F25F7B6E70064EF40 /* Build configuration list for PBXProject "Trippy" */ = {
			isa = XCConfigurationList;
			buildConfigurations = (
				017FD8B725F7B6E80064EF40 /* Debug */,
				017FD8B825F7B6E80064EF40 /* Release */,
			);
			defaultConfigurationIsVisible = 0;
			defaultConfigurationName = Release;
		};
		017FD8B925F7B6E80064EF40 /* Build configuration list for PBXNativeTarget "Trippy" */ = {
			isa = XCConfigurationList;
			buildConfigurations = (
				017FD8BA25F7B6E80064EF40 /* Debug */,
				017FD8BB25F7B6E80064EF40 /* Release */,
			);
			defaultConfigurationIsVisible = 0;
			defaultConfigurationName = Release;
		};
		017FD8BC25F7B6E80064EF40 /* Build configuration list for PBXNativeTarget "TrippyTests" */ = {
			isa = XCConfigurationList;
			buildConfigurations = (
				017FD8BD25F7B6E80064EF40 /* Debug */,
				017FD8BE25F7B6E80064EF40 /* Release */,
			);
			defaultConfigurationIsVisible = 0;
			defaultConfigurationName = Release;
		};
		017FD8BF25F7B6E80064EF40 /* Build configuration list for PBXNativeTarget "TrippyUITests" */ = {
			isa = XCConfigurationList;
			buildConfigurations = (
				017FD8C025F7B6E80064EF40 /* Debug */,
				017FD8C125F7B6E80064EF40 /* Release */,
			);
			defaultConfigurationIsVisible = 0;
			defaultConfigurationName = Release;
		};
/* End XCConfigurationList section */

/* Begin XCRemoteSwiftPackageReference section */
		017FD8C525F7B9020064EF40 /* XCRemoteSwiftPackageReference "firebase-ios-sdk" */ = {
			isa = XCRemoteSwiftPackageReference;
			repositoryURL = "https://github.com/firebase/firebase-ios-sdk";
			requirement = {
				kind = upToNextMajorVersion;
				minimumVersion = 7.7.0;
			};
		};
		01F8435925FDC6ED00080ED5 /* XCRemoteSwiftPackageReference "url-image" */ = {
			isa = XCRemoteSwiftPackageReference;
			repositoryURL = "https://github.com/dmytro-anokhin/url-image";
			requirement = {
				kind = upToNextMajorVersion;
				minimumVersion = 2.2.3;
			};
		};
/* End XCRemoteSwiftPackageReference section */

/* Begin XCSwiftPackageProductDependency section */
		017FD8C625F7B9020064EF40 /* FirebaseFirestore */ = {
			isa = XCSwiftPackageProductDependency;
			package = 017FD8C525F7B9020064EF40 /* XCRemoteSwiftPackageReference "firebase-ios-sdk" */;
			productName = FirebaseFirestore;
		};
		017FD8C825F7B9020064EF40 /* FirebaseFirestoreSwift-Beta */ = {
			isa = XCSwiftPackageProductDependency;
			package = 017FD8C525F7B9020064EF40 /* XCRemoteSwiftPackageReference "firebase-ios-sdk" */;
			productName = "FirebaseFirestoreSwift-Beta";
		};
		017FD8CA25F7B9020064EF40 /* FirebaseAnalytics */ = {
			isa = XCSwiftPackageProductDependency;
			package = 017FD8C525F7B9020064EF40 /* XCRemoteSwiftPackageReference "firebase-ios-sdk" */;
			productName = FirebaseAnalytics;
		};
		017FD8CC25F7B9020064EF40 /* FirebaseStorageSwift-Beta */ = {
			isa = XCSwiftPackageProductDependency;
			package = 017FD8C525F7B9020064EF40 /* XCRemoteSwiftPackageReference "firebase-ios-sdk" */;
			productName = "FirebaseStorageSwift-Beta";
		};
		017FD8CE25F7B9020064EF40 /* FirebaseStorage */ = {
			isa = XCSwiftPackageProductDependency;
			package = 017FD8C525F7B9020064EF40 /* XCRemoteSwiftPackageReference "firebase-ios-sdk" */;
			productName = FirebaseStorage;
		};
		017FD8D025F7B9020064EF40 /* FirebaseFunctions */ = {
			isa = XCSwiftPackageProductDependency;
			package = 017FD8C525F7B9020064EF40 /* XCRemoteSwiftPackageReference "firebase-ios-sdk" */;
			productName = FirebaseFunctions;
		};
		017FD8D225F7B9020064EF40 /* FirebaseCrashlytics */ = {
			isa = XCSwiftPackageProductDependency;
			package = 017FD8C525F7B9020064EF40 /* XCRemoteSwiftPackageReference "firebase-ios-sdk" */;
			productName = FirebaseCrashlytics;
		};
		017FD8D425F7B9020064EF40 /* FirebaseMessaging */ = {
			isa = XCSwiftPackageProductDependency;
			package = 017FD8C525F7B9020064EF40 /* XCRemoteSwiftPackageReference "firebase-ios-sdk" */;
			productName = FirebaseMessaging;
		};
		017FD8D625F7B9020064EF40 /* FirebaseAuth */ = {
			isa = XCSwiftPackageProductDependency;
			package = 017FD8C525F7B9020064EF40 /* XCRemoteSwiftPackageReference "firebase-ios-sdk" */;
			productName = FirebaseAuth;
		};
		01F8435A25FDC6ED00080ED5 /* URLImage */ = {
			isa = XCSwiftPackageProductDependency;
			package = 01F8435925FDC6ED00080ED5 /* XCRemoteSwiftPackageReference "url-image" */;
			productName = URLImage;
		};
/* End XCSwiftPackageProductDependency section */
	};
	rootObject = 017FD88C25F7B6E70064EF40 /* Project object */;
}
